
Microsoft Visual Studio Solution File, Format Version 12.00
# Visual Studio Version 17
VisualStudioVersion = 17.8.34330.188
MinimumVisualStudioVersion = 10.0.40219.1
Project("{FAE04EC0-301F-11D3-BF4B-00C04F79EFBC}") = "NZWalks.API", "NZWalks.API\NZWalks.API.csproj", "{118BAD3D-8C15-4039-AE29-7A2FA42D836B}"
EndProject
Global
	GlobalSection(SolutionConfigurationPlatforms) = preSolution
		Debug|Any CPU = Debug|Any CPU
		Release|Any CPU = Release|Any CPU
	EndGlobalSection
	GlobalSection(ProjectConfigurationPlatforms) = postSolution
		{118BAD3D-8C15-4039-AE29-7A2FA42D836B}.Debug|Any CPU.ActiveCfg = Debug|Any CPU
		{118BAD3D-8C15-4039-AE29-7A2FA42D836B}.Debug|Any CPU.Build.0 = Debug|Any CPU
		{118BAD3D-8C15-4039-AE29-7A2FA42D836B}.Release|Any CPU.ActiveCfg = Release|Any CPU
		{118BAD3D-8C15-4039-AE29-7A2FA42D836B}.Release|Any CPU.Build.0 = Release|Any CPU
	EndGlobalSection
	GlobalSection(SolutionProperties) = preSolution
		HideSolutionNode = FALSE
	EndGlobalSection
	GlobalSection(ExtensibilityGlobals) = postSolution
		SolutionGuid = {71B477EF-625A-4E43-BA8B-D49F9BD53613}
	EndGlobalSection
EndGlobal
